
Microsoft Visual Studio Solution File, Format Version 12.00
# Visual Studio 2012
Project("{FAE04EC0-301F-11D3-BF4B-00C04F79EFBC}") = "Server", "Server.csproj", "{4672169C-F1E0-4CB3-9F57-43FC9A28E2E4}"
EndProject
Global
	GlobalSection(SolutionConfigurationPlatforms) = preSolution
		Debug|Any CPU = Debug|Any CPU
		Release|Any CPU = Release|Any CPU
	EndGlobalSection
	GlobalSection(ProjectConfigurationPlatforms) = postSolution
		{4672169C-F1E0-4CB3-9F57-43FC9A28E2E4}.Debug|Any CPU.ActiveCfg = Debug|Any CPU
		{4672169C-F1E0-4CB3-9F57-43FC9A28E2E4}.Debug|Any CPU.Build.0 = Debug|Any CPU
		{4672169C-F1E0-4CB3-9F57-43FC9A28E2E4}.Release|Any CPU.ActiveCfg = Release|Any CPU
		{4672169C-F1E0-4CB3-9F57-43FC9A28E2E4}.Release|Any CPU.Build.0 = Release|Any CPU
	EndGlobalSection
	GlobalSection(SolutionProperties) = preSolution
		HideSolutionNode = FALSE
	EndGlobalSection
EndGlobal
